
Microsoft Visual Studio Solution File, Format Version 12.00
# Visual Studio Version 16
VisualStudioVersion = 16.0.810.22
MinimumVisualStudioVersion = 10.0.40219.1
Project("{FAE04EC0-301F-11D3-BF4B-00C04F79EFBC}") = "TrianguloRectangulo", "TrianguloRectangulo.csproj", "{AA8B3D8A-20C0-4016-9344-1DB0CF1016BF}"
EndProject
Global
	GlobalSection(SolutionConfigurationPlatforms) = preSolution
		Debug|Any CPU = Debug|Any CPU
		Release|Any CPU = Release|Any CPU
	EndGlobalSection
	GlobalSection(ProjectConfigurationPlatforms) = postSolution
		{AA8B3D8A-20C0-4016-9344-1DB0CF1016BF}.Debug|Any CPU.ActiveCfg = Debug|Any CPU
		{AA8B3D8A-20C0-4016-9344-1DB0CF1016BF}.Debug|Any CPU.Build.0 = Debug|Any CPU
		{AA8B3D8A-20C0-4016-9344-1DB0CF1016BF}.Release|Any CPU.ActiveCfg = Release|Any CPU
		{AA8B3D8A-20C0-4016-9344-1DB0CF1016BF}.Release|Any CPU.Build.0 = Release|Any CPU
	EndGlobalSection
	GlobalSection(SolutionProperties) = preSolution
		HideSolutionNode = FALSE
	EndGlobalSection
	GlobalSection(ExtensibilityGlobals) = postSolution
		SolutionGuid = {1F1200BA-CD65-4AEA-8131-32ED27659D94}
	EndGlobalSection
EndGlobal
